<?xml version="1.0" encoding="utf-8"?>
<Project ToolsVersion="4.0" xmlns="http://schemas.microsoft.com/developer/msbuild/2003">
  <ItemGroup>
    <Filter Include="Source Files">
      <UniqueIdentifier>{4FC737F1-C7A5-4376-A066-2A32D752A2FF}</UniqueIdentifier>
      <Extensions>cpp;c;cc;cxx;def;odl;idl;hpj;bat;asm;asmx</Extensions>
    </Filter>
    <Filter Include="Header Files">
      <UniqueIdentifier>{93995380-89BD-4b04-88EB-625FBE52EBFB}</UniqueIdentifier>
      <Extensions>h;hh;hpp;hxx;hm;inl;inc;xsd</Extensions>
    </Filter>
    <Filter Include="Resource Files">
      <UniqueIdentifier>{67DA6AB6-F800-4c08-8B7A-83BB121AAD01}</UniqueIdentifier>
      <Extensions>rc;ico;cur;bmp;dlg;rc2;rct;bin;rgs;gif;jpg;jpeg;jpe;resx;tiff;tif;png;wav</Extensions>
    </Filter>
  </ItemGroup>
  <ItemGroup>
    <ClCompile Include="src\sssf\data_loader\GameDataLoader.cpp">
      <Filter>Source Files</Filter>
    </ClCompile>
    <ClCompile Include="src\sssf\game\Game.cpp">
      <Filter>Source Files</Filter>
    </ClCompile>
    <ClCompile Include="src\sssf\game\WStringTable.cpp">
      <Filter>Source Files</Filter>
    </ClCompile>
    <ClCompile Include="src\sssf\graphics\GameGraphics.cpp">
      <Filter>Source Files</Filter>
    </ClCompile>
    <ClCompile Include="src\sssf\graphics\RenderList.cpp">
      <Filter>Source Files</Filter>
    </ClCompile>
    <ClCompile Include="src\sssf\gsm\ai\BotRecycler.cpp">
      <Filter>Source Files</Filter>
    </ClCompile>
    <ClCompile Include="src\sssf\gsm\ai\bots\RandomFloatingBot.cpp">
      <Filter>Source Files</Filter>
    </ClCompile>
    <ClCompile Include="src\sssf\gsm\ai\bots\RandomJumpingBot.cpp">
      <Filter>Source Files</Filter>
    </ClCompile>
    <ClCompile Include="src\sssf\gsm\physics\AABB.cpp">
      <Filter>Source Files</Filter>
    </ClCompile>
    <ClCompile Include="src\sssf\gsm\physics\CollidableObject.cpp">
      <Filter>Source Files</Filter>
    </ClCompile>
    <ClCompile Include="src\sssf\gsm\physics\Physics.cpp">
      <Filter>Source Files</Filter>
    </ClCompile>
    <ClCompile Include="src\sssf\gsm\sprite\AnimatedSprite.cpp">
      <Filter>Source Files</Filter>
    </ClCompile>
    <ClCompile Include="src\sssf\gsm\sprite\AnimatedSpriteType.cpp">
      <Filter>Source Files</Filter>
    </ClCompile>
    <ClCompile Include="src\sssf\gsm\sprite\SpriteManager.cpp">
      <Filter>Source Files</Filter>
    </ClCompile>
    <ClCompile Include="src\sssf\gsm\state\GameStateManager.cpp">
      <Filter>Source Files</Filter>
    </ClCompile>
    <ClCompile Include="src\sssf\gsm\world\SparseLayer.cpp">
      <Filter>Source Files</Filter>
    </ClCompile>
    <ClCompile Include="src\sssf\gsm\world\TiledLayer.cpp">
      <Filter>Source Files</Filter>
    </ClCompile>
    <ClCompile Include="src\sssf\gsm\world\World.cpp">
      <Filter>Source Files</Filter>
    </ClCompile>
    <ClCompile Include="src\sssf\gui\Button.cpp">
      <Filter>Source Files</Filter>
    </ClCompile>
    <ClCompile Include="src\sssf\gui\Cursor.cpp">
      <Filter>Source Files</Filter>
    </ClCompile>
    <ClCompile Include="src\sssf\gui\GameGUI.cpp">
      <Filter>Source Files</Filter>
    </ClCompile>
    <ClCompile Include="src\sssf\gui\ScreenGUI.cpp">
      <Filter>Source Files</Filter>
    </ClCompile>
    <ClCompile Include="src\sssf\gui\Viewport.cpp">
      <Filter>Source Files</Filter>
    </ClCompile>
    <ClCompile Include="src\sssf\input\GameInput.cpp">
      <Filter>Source Files</Filter>
    </ClCompile>
    <ClCompile Include="src\sssf\platforms\cross\SFMLGraphics.cpp">
      <Filter>Source Files</Filter>
    </ClCompile>
    <ClCompile Include="src\sssf\platforms\cross\SFMLInput.cpp">
      <Filter>Source Files</Filter>
    </ClCompile>
    <ClCompile Include="src\sssf\platforms\cross\SFMLOS.cpp">
      <Filter>Source Files</Filter>
    </ClCompile>
    <ClCompile Include="src\sssf\platforms\cross\SFMLTextureManager.cpp">
      <Filter>Source Files</Filter>
    </ClCompile>
    <ClCompile Include="src\sssf\platforms\cross\StandardTimer.cpp">
      <Filter>Source Files</Filter>
    </ClCompile>
    <ClCompile Include="src\sssf\platforms\directx\DirectXGraphics.cpp">
      <Filter>Source Files</Filter>
    </ClCompile>
    <ClCompile Include="src\sssf\platforms\directx\DirectXTextureManager.cpp">
      <Filter>Source Files</Filter>
    </ClCompile>
    <ClCompile Include="src\sssf\platforms\windows\WindowsInput.cpp">
      <Filter>Source Files</Filter>
    </ClCompile>
    <ClCompile Include="src\sssf\platforms\windows\WindowsOS.cpp">
      <Filter>Source Files</Filter>
    </ClCompile>
    <ClCompile Include="src\sssf\platforms\windows\WindowsTimer.cpp">
      <Filter>Source Files</Filter>
    </ClCompile>
    <ClCompile Include="src\sssf\text\BufferedTextFileReader.cpp">
      <Filter>Source Files</Filter>
    </ClCompile>
    <ClCompile Include="src\sssf\text\GameText.cpp">
      <Filter>Source Files</Filter>
    </ClCompile>
    <ClCompile Include="src\sssf\text\TextFileWriter.cpp">
      <Filter>Source Files</Filter>
    </ClCompile>
    <ClCompile Include="src\sssf\timer\GameTimer.cpp">
      <Filter>Source Files</Filter>
    </ClCompile>
    <ClCompile Include="src\sssf_vs\stdafx.cpp">
      <Filter>Source Files</Filter>
    </ClCompile>
    <ClCompile Include="..\poseurspritetypesimporter\src\psti\PoseurSpriteTypesImporter.cpp">
      <Filter>Source Files</Filter>
    </ClCompile>
    <ClCompile Include="..\poseurspritetypesimporter\src\psti_vs\stdafx.cpp">
      <Filter>Source Files</Filter>
    </ClCompile>
    <ClCompile Include="..\tinyxml\main.cpp">
      <Filter>Source Files</Filter>
    </ClCompile>
    <ClCompile Include="..\tinyxml\src\tinyxml\tinystr.cpp">
      <Filter>Source Files</Filter>
    </ClCompile>
    <ClCompile Include="..\tinyxml\src\tinyxml\tinyxml.cpp">
      <Filter>Source Files</Filter>
    </ClCompile>
    <ClCompile Include="..\tinyxml\src\tinyxml\tinyxmlerror.cpp">
      <Filter>Source Files</Filter>
    </ClCompile>
    <ClCompile Include="..\tinyxml\src\tinyxml\tinyxmlparser.cpp">
      <Filter>Source Files</Filter>
    </ClCompile>
    <ClCompile Include="..\tinyxml\src\tinyxml\xmltest.cpp">
      <Filter>Source Files</Filter>
    </ClCompile>
    <ClCompile Include="..\tinyxml\src\tinyxml_vs\stdafx.cpp">
      <Filter>Source Files</Filter>
    </ClCompile>
    <ClCompile Include="..\tmxmapimporter\src\tmxmi\TMXMapImporter.cpp">
      <Filter>Source Files</Filter>
    </ClCompile>
    <ClCompile Include="..\tmxmapimporter\src\tmxmi_vs\stdafx.cpp">
      <Filter>Source Files</Filter>
    </ClCompile>
    <ClCompile Include="..\xmlfileimporter\src\xmlfi\XMLFileImporter.cpp">
      <Filter>Source Files</Filter>
    </ClCompile>
    <ClCompile Include="..\xmlfileimporter\src\xmlfi_vs\stdafx.cpp">
      <Filter>Source Files</Filter>
    </ClCompile>
    <ClCompile Include="..\bugginout\src\buggin_out\BugginOut.cpp">
      <Filter>Source Files</Filter>
    </ClCompile>
    <ClCompile Include="..\bugginout\src\buggin_out\BugginOutButtonEventHandler.cpp">
      <Filter>Source Files</Filter>
    </ClCompile>
    <ClCompile Include="..\bugginout\src\buggin_out\BugginOutCollisionListener.cpp">
      <Filter>Source Files</Filter>
    </ClCompile>
    <ClCompile Include="..\bugginout\src\buggin_out\BugginOutDataLoader.cpp">
      <Filter>Source Files</Filter>
    </ClCompile>
    <ClCompile Include="..\bugginout\src\buggin_out\BugginOutKeyEventHandler.cpp">
      <Filter>Source Files</Filter>
    </ClCompile>
    <ClCompile Include="..\bugginout\src\buggin_out\BugginOutTextGenerator.cpp">
      <Filter>Source Files</Filter>
    </ClCompile>
    <ClCompile Include="..\bugginout\src\buggin_out_vs\stdafx.cpp">
      <Filter>Source Files</Filter>
    </ClCompile>
  </ItemGroup>
  <ItemGroup>
    <ClInclude Include="src\sssf\data_loader\GameDataLoader.h">
      <Filter>Header Files</Filter>
    </ClInclude>
    <ClInclude Include="src\sssf\game\Game.h">
      <Filter>Header Files</Filter>
    </ClInclude>
    <ClInclude Include="src\sssf\game\IllegalArgumentException.h">
      <Filter>Header Files</Filter>
    </ClInclude>
    <ClInclude Include="src\sssf\game\IllegalFileFormatException.h">
      <Filter>Header Files</Filter>
    </ClInclude>
    <ClInclude Include="src\sssf\game\WStringTable.h">
      <Filter>Header Files</Filter>
    </ClInclude>
    <ClInclude Include="src\sssf\graphics\GameGraphics.h">
      <Filter>Header Files</Filter>
    </ClInclude>
    <ClInclude Include="src\sssf\graphics\RenderList.h">
      <Filter>Header Files</Filter>
    </ClInclude>
    <ClInclude Include="src\sssf\graphics\TextureManager.h">
      <Filter>Header Files</Filter>
    </ClInclude>
    <ClInclude Include="src\sssf\gsm\ai\Bot.h">
      <Filter>Header Files</Filter>
    </ClInclude>
    <ClInclude Include="src\sssf\gsm\ai\BotRecycler.h">
      <Filter>Header Files</Filter>
    </ClInclude>
    <ClInclude Include="src\sssf\gsm\ai\bots\RandomFloatingBot.h">
      <Filter>Header Files</Filter>
    </ClInclude>
    <ClInclude Include="src\sssf\gsm\ai\bots\RandomJumpingBot.h">
      <Filter>Header Files</Filter>
    </ClInclude>
    <ClInclude Include="src\sssf\gsm\physics\AABB.h">
      <Filter>Header Files</Filter>
    </ClInclude>
    <ClInclude Include="src\sssf\gsm\physics\CollidableObject.h">
      <Filter>Header Files</Filter>
    </ClInclude>
    <ClInclude Include="src\sssf\gsm\physics\Collision.h">
      <Filter>Header Files</Filter>
    </ClInclude>
    <ClInclude Include="src\sssf\gsm\physics\CollisionListener.h">
      <Filter>Header Files</Filter>
    </ClInclude>
    <ClInclude Include="src\sssf\gsm\physics\PhysicalProperties.h">
      <Filter>Header Files</Filter>
    </ClInclude>
    <ClInclude Include="src\sssf\gsm\physics\Physics.h">
      <Filter>Header Files</Filter>
    </ClInclude>
    <ClInclude Include="src\sssf\gsm\sprite\AnimatedSprite.h">
      <Filter>Header Files</Filter>
    </ClInclude>
    <ClInclude Include="src\sssf\gsm\sprite\AnimatedSpriteType.h">
      <Filter>Header Files</Filter>
    </ClInclude>
    <ClInclude Include="src\sssf\gsm\sprite\SpriteManager.h">
      <Filter>Header Files</Filter>
    </ClInclude>
    <ClInclude Include="src\sssf\gsm\state\GameState.h">
      <Filter>Header Files</Filter>
    </ClInclude>
    <ClInclude Include="src\sssf\gsm\state\GameStateManager.h">
      <Filter>Header Files</Filter>
    </ClInclude>
    <ClInclude Include="src\sssf\gsm\world\SparseLayer.h">
      <Filter>Header Files</Filter>
    </ClInclude>
    <ClInclude Include="src\sssf\gsm\world\Tile.h">
      <Filter>Header Files</Filter>
    </ClInclude>
    <ClInclude Include="src\sssf\gsm\world\TiledLayer.h">
      <Filter>Header Files</Filter>
    </ClInclude>
    <ClInclude Include="src\sssf\gsm\world\World.h">
      <Filter>Header Files</Filter>
    </ClInclude>
    <ClInclude Include="src\sssf\gsm\world\WorldLayer.h">
      <Filter>Header Files</Filter>
    </ClInclude>
    <ClInclude Include="src\sssf\gui\Button.h">
      <Filter>Header Files</Filter>
    </ClInclude>
    <ClInclude Include="src\sssf\gui\Cursor.h">
      <Filter>Header Files</Filter>
    </ClInclude>
    <ClInclude Include="src\sssf\gui\GameGUI.h">
      <Filter>Header Files</Filter>
    </ClInclude>
    <ClInclude Include="src\sssf\gui\OverlayImage.h">
      <Filter>Header Files</Filter>
    </ClInclude>
    <ClInclude Include="src\sssf\gui\ScreenGUI.h">
      <Filter>Header Files</Filter>
    </ClInclude>
    <ClInclude Include="src\sssf\gui\Viewport.h">
      <Filter>Header Files</Filter>
    </ClInclude>
    <ClInclude Include="src\sssf\input\ButtonEventHandler.h">
      <Filter>Header Files</Filter>
    </ClInclude>
    <ClInclude Include="src\sssf\input\GameInput.h">
      <Filter>Header Files</Filter>
    </ClInclude>
    <ClInclude Include="src\sssf\input\KeyEventHandler.h">
      <Filter>Header Files</Filter>
    </ClInclude>
    <ClInclude Include="src\sssf\os\GameOS.h">
      <Filter>Header Files</Filter>
    </ClInclude>
    <ClInclude Include="src\sssf\platforms\cross\SFMLGraphics.h">
      <Filter>Header Files</Filter>
    </ClInclude>
    <ClInclude Include="src\sssf\platforms\cross\SFMLInput.h">
      <Filter>Header Files</Filter>
    </ClInclude>
    <ClInclude Include="src\sssf\platforms\cross\SFMLOS.h">
      <Filter>Header Files</Filter>
    </ClInclude>
    <ClInclude Include="src\sssf\platforms\cross\SFMLTextureManager.h">
      <Filter>Header Files</Filter>
    </ClInclude>
    <ClInclude Include="src\sssf\platforms\cross\StandardTimer.h">
      <Filter>Header Files</Filter>
    </ClInclude>
    <ClInclude Include="src\sssf\platforms\directx\DirectXGraphics.h">
      <Filter>Header Files</Filter>
    </ClInclude>
    <ClInclude Include="src\sssf\platforms\directx\DirectXTextureManager.h">
      <Filter>Header Files</Filter>
    </ClInclude>
    <ClInclude Include="src\sssf\platforms\windows\WindowsInput.h">
      <Filter>Header Files</Filter>
    </ClInclude>
    <ClInclude Include="src\sssf\platforms\windows\WindowsOS.h">
      <Filter>Header Files</Filter>
    </ClInclude>
    <ClInclude Include="src\sssf\platforms\windows\WindowsTimer.h">
      <Filter>Header Files</Filter>
    </ClInclude>
    <ClInclude Include="src\sssf\text\BufferedTextFileReader.h">
      <Filter>Header Files</Filter>
    </ClInclude>
    <ClInclude Include="src\sssf\text\GameText.h">
      <Filter>Header Files</Filter>
    </ClInclude>
    <ClInclude Include="src\sssf\text\TextFileWriter.h">
      <Filter>Header Files</Filter>
    </ClInclude>
    <ClInclude Include="src\sssf\text\TextGenerator.h">
      <Filter>Header Files</Filter>
    </ClInclude>
    <ClInclude Include="src\sssf\timer\GameTimer.h">
      <Filter>Header Files</Filter>
    </ClInclude>
    <ClInclude Include="src\sssf_vs\stdafx.h">
      <Filter>Header Files</Filter>
    </ClInclude>
    <ClInclude Include="src\sssf_vs\targetver.h">
      <Filter>Header Files</Filter>
    </ClInclude>
    <ClInclude Include="..\poseurspritetypesimporter\src\psti\PoseurSpriteTypesImporter.h">
      <Filter>Header Files</Filter>
    </ClInclude>
    <ClInclude Include="..\poseurspritetypesimporter\src\psti_vs\stdafx.h">
      <Filter>Header Files</Filter>
    </ClInclude>
    <ClInclude Include="..\tinyxml\src\tinyxml\tinystr.h">
      <Filter>Header Files</Filter>
    </ClInclude>
    <ClInclude Include="..\tinyxml\src\tinyxml\tinyxml.h">
      <Filter>Header Files</Filter>
    </ClInclude>
    <ClInclude Include="..\tinyxml\src\tinyxml_vs\stdafx.h">
      <Filter>Header Files</Filter>
    </ClInclude>
    <ClInclude Include="..\tinyxml\src\tinyxml_vs\targetver.h">
      <Filter>Header Files</Filter>
    </ClInclude>
    <ClInclude Include="..\tmxmapimporter\src\tmxmi\TMXMapImporter.h">
      <Filter>Header Files</Filter>
    </ClInclude>
    <ClInclude Include="..\tmxmapimporter\src\tmxmi_vs\stdafx.h">
      <Filter>Header Files</Filter>
    </ClInclude>
    <ClInclude Include="..\xmlfileimporter\src\xmlfi\XMLFileImporter.h">
      <Filter>Header Files</Filter>
    </ClInclude>
    <ClInclude Include="..\xmlfileimporter\src\xmlfi_vs\stdafx.h">
      <Filter>Header Files</Filter>
    </ClInclude>
    <ClInclude Include="..\bugginout\src\buggin_out\BugginOut.h">
      <Filter>Header Files</Filter>
    </ClInclude>
    <ClInclude Include="..\bugginout\src\buggin_out\BugginOutButtonEventHandler.h">
      <Filter>Header Files</Filter>
    </ClInclude>
    <ClInclude Include="..\bugginout\src\buggin_out\BugginOutCollisionListener.h">
      <Filter>Header Files</Filter>
    </ClInclude>
    <ClInclude Include="..\bugginout\src\buggin_out\BugginOutDataLoader.h">
      <Filter>Header Files</Filter>
    </ClInclude>
    <ClInclude Include="..\bugginout\src\buggin_out\BugginOutKeyEventHandler.h">
      <Filter>Header Files</Filter>
    </ClInclude>
    <ClInclude Include="..\bugginout\src\buggin_out\BugginOutTextGenerator.h">
      <Filter>Header Files</Filter>
    </ClInclude>
    <ClInclude Include="..\bugginout\src\buggin_out_vs\Resource.h">
      <Filter>Header Files</Filter>
    </ClInclude>
    <ClInclude Include="..\bugginout\src\buggin_out_vs\stdafx.h">
      <Filter>Header Files</Filter>
    </ClInclude>
    <ClInclude Include="..\bugginout\src\buggin_out_vs\targetver.h">
      <Filter>Header Files</Filter>
    </ClInclude>
  </ItemGroup>
  <ItemGroup>
    <Xsd Include="..\bugginout\data\sprite_types\sprite_type.xsd">
      <Filter>Header Files</Filter>
    </Xsd>
    <Xsd Include="..\bugginout\data\sprite_types\sprite_type_list.xsd">
      <Filter>Header Files</Filter>
    </Xsd>
  </ItemGroup>
  <ItemGroup>
    <ResourceCompile Include="..\bugginout\BugginOut.rc">
      <Filter>Resource Files</Filter>
    </ResourceCompile>
  </ItemGroup>
</Project>