<?xml version="1.0" encoding="utf-8"?>
<Project ToolsVersion="4.0" xmlns="http://schemas.microsoft.com/developer/msbuild/2003">
  <ItemGroup>
    <Filter Include="Graphics">
      <UniqueIdentifier>{4d68ca90-1825-41b4-a9e1-76498709c3cc}</UniqueIdentifier>
    </Filter>
    <Filter Include="Graphics\stb_image">
      <UniqueIdentifier>{9f438e00-8d39-4610-98af-ac5bce1134af}</UniqueIdentifier>
    </Filter>
  </ItemGroup>
  <ItemGroup>
    <ClInclude Include="..\src\include\SFML\Graphics\BlendMode.hpp">
      <Filter>Graphics</Filter>
    </ClInclude>
    <ClInclude Include="..\src\include\SFML\Graphics\CircleShape.hpp">
      <Filter>Graphics</Filter>
    </ClInclude>
    <ClInclude Include="..\src\include\SFML\Graphics\Color.hpp">
      <Filter>Graphics</Filter>
    </ClInclude>
    <ClInclude Include="..\src\include\SFML\Graphics\ConvexShape.hpp">
      <Filter>Graphics</Filter>
    </ClInclude>
    <ClInclude Include="..\src\include\SFML\Graphics\Drawable.hpp">
      <Filter>Graphics</Filter>
    </ClInclude>
    <ClInclude Include="..\src\include\SFML\Graphics\Export.hpp">
      <Filter>Graphics</Filter>
    </ClInclude>
    <ClInclude Include="..\src\include\SFML\Graphics\Font.hpp">
      <Filter>Graphics</Filter>
    </ClInclude>
    <ClInclude Include="..\src\include\SFML\Graphics\Glyph.hpp">
      <Filter>Graphics</Filter>
    </ClInclude>
    <ClInclude Include="..\src\include\SFML\Graphics\Image.hpp">
      <Filter>Graphics</Filter>
    </ClInclude>
    <ClInclude Include="..\src\include\SFML\Graphics\PrimitiveType.hpp">
      <Filter>Graphics</Filter>
    </ClInclude>
    <ClInclude Include="..\src\include\SFML\Graphics\Rect.hpp">
      <Filter>Graphics</Filter>
    </ClInclude>
    <ClInclude Include="..\src\include\SFML\Graphics\RectangleShape.hpp">
      <Filter>Graphics</Filter>
    </ClInclude>
    <ClInclude Include="..\src\include\SFML\Graphics\RenderStates.hpp">
      <Filter>Graphics</Filter>
    </ClInclude>
    <ClInclude Include="..\src\include\SFML\Graphics\RenderTarget.hpp">
      <Filter>Graphics</Filter>
    </ClInclude>
    <ClInclude Include="..\src\include\SFML\Graphics\RenderTexture.hpp">
      <Filter>Graphics</Filter>
    </ClInclude>
    <ClInclude Include="..\src\include\SFML\Graphics\RenderWindow.hpp">
      <Filter>Graphics</Filter>
    </ClInclude>
    <ClInclude Include="..\src\include\SFML\Graphics\Shader.hpp">
      <Filter>Graphics</Filter>
    </ClInclude>
    <ClInclude Include="..\src\include\SFML\Graphics\Shape.hpp">
      <Filter>Graphics</Filter>
    </ClInclude>
    <ClInclude Include="..\src\include\SFML\Graphics\Sprite.hpp">
      <Filter>Graphics</Filter>
    </ClInclude>
    <ClInclude Include="..\src\include\SFML\Graphics\Text.hpp">
      <Filter>Graphics</Filter>
    </ClInclude>
    <ClInclude Include="..\src\include\SFML\Graphics\Texture.hpp">
      <Filter>Graphics</Filter>
    </ClInclude>
    <ClInclude Include="..\src\include\SFML\Graphics\Transform.hpp">
      <Filter>Graphics</Filter>
    </ClInclude>
    <ClInclude Include="..\src\include\SFML\Graphics\Transformable.hpp">
      <Filter>Graphics</Filter>
    </ClInclude>
    <ClInclude Include="..\src\include\SFML\Graphics\Vertex.hpp">
      <Filter>Graphics</Filter>
    </ClInclude>
    <ClInclude Include="..\src\include\SFML\Graphics\VertexArray.hpp">
      <Filter>Graphics</Filter>
    </ClInclude>
    <ClInclude Include="..\src\include\SFML\Graphics\View.hpp">
      <Filter>Graphics</Filter>
    </ClInclude>
    <ClInclude Include="..\src\src\SFML\Graphics\GLCheck.hpp">
      <Filter>Graphics</Filter>
    </ClInclude>
    <ClInclude Include="..\src\src\SFML\Graphics\GLExtensions.hpp">
      <Filter>Graphics</Filter>
    </ClInclude>
    <ClInclude Include="..\src\src\SFML\Graphics\ImageLoader.hpp">
      <Filter>Graphics</Filter>
    </ClInclude>
    <ClInclude Include="..\src\src\SFML\Graphics\RenderTextureImpl.hpp">
      <Filter>Graphics</Filter>
    </ClInclude>
    <ClInclude Include="..\src\src\SFML\Graphics\RenderTextureImplDefault.hpp">
      <Filter>Graphics</Filter>
    </ClInclude>
    <ClInclude Include="..\src\src\SFML\Graphics\RenderTextureImplFBO.hpp">
      <Filter>Graphics</Filter>
    </ClInclude>
    <ClInclude Include="..\src\src\SFML\Graphics\TextureSaver.hpp">
      <Filter>Graphics</Filter>
    </ClInclude>
    <ClInclude Include="..\src\src\SFML\Graphics\stb_image\stb_image.h">
      <Filter>Graphics\stb_image</Filter>
    </ClInclude>
    <ClInclude Include="..\src\src\SFML\Graphics\stb_image\stb_image_write.h">
      <Filter>Graphics\stb_image</Filter>
    </ClInclude>
    <ClInclude Include="..\src\include\SFML\Graphics\Rect.inl" />
  </ItemGroup>
  <ItemGroup>
    <ClCompile Include="..\src\src\SFML\Graphics\BlendMode.cpp">
      <Filter>Graphics</Filter>
    </ClCompile>
    <ClCompile Include="..\src\src\SFML\Graphics\CircleShape.cpp">
      <Filter>Graphics</Filter>
    </ClCompile>
    <ClCompile Include="..\src\src\SFML\Graphics\Color.cpp">
      <Filter>Graphics</Filter>
    </ClCompile>
    <ClCompile Include="..\src\src\SFML\Graphics\ConvexShape.cpp">
      <Filter>Graphics</Filter>
    </ClCompile>
    <ClCompile Include="..\src\src\SFML\Graphics\Font.cpp">
      <Filter>Graphics</Filter>
    </ClCompile>
    <ClCompile Include="..\src\src\SFML\Graphics\GLCheck.cpp">
      <Filter>Graphics</Filter>
    </ClCompile>
    <ClCompile Include="..\src\src\SFML\Graphics\GLExtensions.cpp">
      <Filter>Graphics</Filter>
    </ClCompile>
    <ClCompile Include="..\src\src\SFML\Graphics\Image.cpp">
      <Filter>Graphics</Filter>
    </ClCompile>
    <ClCompile Include="..\src\src\SFML\Graphics\ImageLoader.cpp">
      <Filter>Graphics</Filter>
    </ClCompile>
    <ClCompile Include="..\src\src\SFML\Graphics\RectangleShape.cpp">
      <Filter>Graphics</Filter>
    </ClCompile>
    <ClCompile Include="..\src\src\SFML\Graphics\RenderStates.cpp">
      <Filter>Graphics</Filter>
    </ClCompile>
    <ClCompile Include="..\src\src\SFML\Graphics\RenderTarget.cpp">
      <Filter>Graphics</Filter>
    </ClCompile>
    <ClCompile Include="..\src\src\SFML\Graphics\RenderTexture.cpp">
      <Filter>Graphics</Filter>
    </ClCompile>
    <ClCompile Include="..\src\src\SFML\Graphics\RenderTextureImpl.cpp">
      <Filter>Graphics</Filter>
    </ClCompile>
    <ClCompile Include="..\src\src\SFML\Graphics\RenderTextureImplDefault.cpp">
      <Filter>Graphics</Filter>
    </ClCompile>
    <ClCompile Include="..\src\src\SFML\Graphics\RenderTextureImplFBO.cpp">
      <Filter>Graphics</Filter>
    </ClCompile>
    <ClCompile Include="..\src\src\SFML\Graphics\RenderWindow.cpp">
      <Filter>Graphics</Filter>
    </ClCompile>
    <ClCompile Include="..\src\src\SFML\Graphics\Shader.cpp">
      <Filter>Graphics</Filter>
    </ClCompile>
    <ClCompile Include="..\src\src\SFML\Graphics\Shape.cpp">
      <Filter>Graphics</Filter>
    </ClCompile>
    <ClCompile Include="..\src\src\SFML\Graphics\Sprite.cpp">
      <Filter>Graphics</Filter>
    </ClCompile>
    <ClCompile Include="..\src\src\SFML\Graphics\Text.cpp">
      <Filter>Graphics</Filter>
    </ClCompile>
    <ClCompile Include="..\src\src\SFML\Graphics\Texture.cpp">
      <Filter>Graphics</Filter>
    </ClCompile>
    <ClCompile Include="..\src\src\SFML\Graphics\TextureSaver.cpp">
      <Filter>Graphics</Filter>
    </ClCompile>
    <ClCompile Include="..\src\src\SFML\Graphics\Transform.cpp">
      <Filter>Graphics</Filter>
    </ClCompile>
    <ClCompile Include="..\src\src\SFML\Graphics\Transformable.cpp">
      <Filter>Graphics</Filter>
    </ClCompile>
    <ClCompile Include="..\src\src\SFML\Graphics\Vertex.cpp">
      <Filter>Graphics</Filter>
    </ClCompile>
    <ClCompile Include="..\src\src\SFML\Graphics\VertexArray.cpp">
      <Filter>Graphics</Filter>
    </ClCompile>
    <ClCompile Include="..\src\src\SFML\Graphics\View.cpp">
      <Filter>Graphics</Filter>
    </ClCompile>
  </ItemGroup>
</Project>